// !$*UTF8*$!
{
	archiveVersion = 1;
	classes = {
	};
	objectVersion = 46;
	objects = {

/* Begin PBXBuildFile section */
		0E5973C81E7635200059D608 /* AppDelegate.swift in Sources */ = {isa = PBXBuildFile; fileRef = 0E5973C71E7635200059D608 /* AppDelegate.swift */; };
		0E5973CA1E7635200059D608 /* ViewController.swift in Sources */ = {isa = PBXBuildFile; fileRef = 0E5973C91E7635200059D608 /* ViewController.swift */; };
		0E5973CD1E7635200059D608 /* Main.storyboard in Resources */ = {isa = PBXBuildFile; fileRef = 0E5973CB1E7635200059D608 /* Main.storyboard */; };
		0E5973CF1E7635200059D608 /* Assets.xcassets in Resources */ = {isa = PBXBuildFile; fileRef = 0E5973CE1E7635200059D608 /* Assets.xcassets */; };
		0E5973D21E7635200059D608 /* LaunchScreen.storyboard in Resources */ = {isa = PBXBuildFile; fileRef = 0E5973D01E7635200059D608 /* LaunchScreen.storyboard */; };
		0E5973DD1E7635200059D608 /* calculatorTests.swift in Sources */ = {isa = PBXBuildFile; fileRef = 0E5973DC1E7635200059D608 /* calculatorTests.swift */; };
		0E5973E81E7635200059D608 /* calculatorUITests.swift in Sources */ = {isa = PBXBuildFile; fileRef = 0E5973E71E7635200059D608 /* calculatorUITests.swift */; };
/* End PBXBuildFile section */

/* Begin PBXContainerItemProxy section */
		0E5973D91E7635200059D608 /* PBXContainerItemProxy */ = {
			isa = PBXContainerItemProxy;
			containerPortal = 0E5973BC1E7635200059D608 /* Project object */;
			proxyType = 1;
			remoteGlobalIDString = 0E5973C31E7635200059D608;
			remoteInfo = calculator;
		};
		0E5973E41E7635200059D608 /* PBXContainerItemProxy */ = {
			isa = PBXContainerItemProxy;
			containerPortal = 0E5973BC1E7635200059D608 /* Project object */;
			proxyType = 1;
			remoteGlobalIDString = 0E5973C31E7635200059D608;
			remoteInfo = calculator;
		};
/* End PBXContainerItemProxy section */

/* Begin PBXFileReference section */
		0E5973C41E7635200059D608 /* calculator.app */ = {isa = PBXFileReference; explicitFileType = wrapper.application; includeInIndex = 0; path = calculator.app; sourceTree = BUILT_PRODUCTS_DIR; };
		0E5973C71E7635200059D608 /* AppDelegate.swift */ = {isa = PBXFileReference; lastKnownFileType = sourcecode.swift; path = AppDelegate.swift; sourceTree = "<group>"; };
		0E5973C91E7635200059D608 /* ViewController.swift */ = {isa = PBXFileReference; lastKnownFileType = sourcecode.swift; path = ViewController.swift; sourceTree = "<group>"; };
		0E5973CC1E7635200059D608 /* Base */ = {isa = PBXFileReference; lastKnownFileType = file.storyboard; name = Base; path = Base.lproj/Main.storyboard; sourceTree = "<group>"; };
		0E5973CE1E7635200059D608 /* Assets.xcassets */ = {isa = PBXFileReference; lastKnownFileType = folder.assetcatalog; path = Assets.xcassets; sourceTree = "<group>"; };
		0E5973D11E7635200059D608 /* Base */ = {isa = PBXFileReference; lastKnownFileType = file.storyboard; name = Base; path = Base.lproj/LaunchScreen.storyboard; sourceTree = "<group>"; };
		0E5973D31E7635200059D608 /* Info.plist */ = {isa = PBXFileReference; lastKnownFileType = text.plist.xml; path = Info.plist; sourceTree = "<group>"; };
		0E5973D81E7635200059D608 /* calculatorTests.xctest */ = {isa = PBXFileReference; explicitFileType = wrapper.cfbundle; includeInIndex = 0; path = calculatorTests.xctest; sourceTree = BUILT_PRODUCTS_DIR; };
		0E5973DC1E7635200059D608 /* calculatorTests.swift */ = {isa = PBXFileReference; lastKnownFileType = sourcecode.swift; path = calculatorTests.swift; sourceTree = "<group>"; };
		0E5973DE1E7635200059D608 /* Info.plist */ = {isa = PBXFileReference; lastKnownFileType = text.plist.xml; path = Info.plist; sourceTree = "<group>"; };
		0E5973E31E7635200059D608 /* calculatorUITests.xctest */ = {isa = PBXFileReference; explicitFileType = wrapper.cfbundle; includeInIndex = 0; path = calculatorUITests.xctest; sourceTree = BUILT_PRODUCTS_DIR; };
		0E5973E71E7635200059D608 /* calculatorUITests.swift */ = {isa = PBXFileReference; lastKnownFileType = sourcecode.swift; path = calculatorUITests.swift; sourceTree = "<group>"; };
		0E5973E91E7635200059D608 /* Info.plist */ = {isa = PBXFileReference; lastKnownFileType = text.plist.xml; path = Info.plist; sourceTree = "<group>"; };
/* End PBXFileReference section */

/* Begin PBXFrameworksBuildPhase section */
		0E5973C11E7635200059D608 /* Frameworks */ = {
			isa = PBXFrameworksBuildPhase;
			buildActionMask = 2147483647;
			files = (
			);
			runOnlyForDeploymentPostprocessing = 0;
		};
		0E5973D51E7635200059D608 /* Frameworks */ = {
			isa = PBXFrameworksBuildPhase;
			buildActionMask = 2147483647;
			files = (
			);
			runOnlyForDeploymentPostprocessing = 0;
		};
		0E5973E01E7635200059D608 /* Frameworks */ = {
			isa = PBXFrameworksBuildPhase;
			buildActionMask = 2147483647;
			files = (
			);
			runOnlyForDeploymentPostprocessing = 0;
		};
/* End PBXFrameworksBuildPhase section */

/* Begin PBXGroup section */
		0E5973BB1E7635200059D608 = {
			isa = PBXGroup;
			children = (
				0E5973C61E7635200059D608 /* calculator */,
				0E5973DB1E7635200059D608 /* calculatorTests */,
				0E5973E61E7635200059D608 /* calculatorUITests */,
				0E5973C51E7635200059D608 /* Products */,
			);
			sourceTree = "<group>";
		};
		0E5973C51E7635200059D608 /* Products */ = {
			isa = PBXGroup;
			children = (
				0E5973C41E7635200059D608 /* calculator.app */,
				0E5973D81E7635200059D608 /* calculatorTests.xctest */,
				0E5973E31E7635200059D608 /* calculatorUITests.xctest */,
			);
			name = Products;
			sourceTree = "<group>";
		};
		0E5973C61E7635200059D608 /* calculator */ = {
			isa = PBXGroup;
			children = (
				0E5973C71E7635200059D608 /* AppDelegate.swift */,
				0E5973C91E7635200059D608 /* ViewController.swift */,
				0E5973CB1E7635200059D608 /* Main.storyboard */,
				0E5973CE1E7635200059D608 /* Assets.xcassets */,
				0E5973D01E7635200059D608 /* LaunchScreen.storyboard */,
				0E5973D31E7635200059D608 /* Info.plist */,
			);
			path = calculator;
			sourceTree = "<group>";
		};
		0E5973DB1E7635200059D608 /* calculatorTests */ = {
			isa = PBXGroup;
			children = (
				0E5973DC1E7635200059D608 /* calculatorTests.swift */,
				0E5973DE1E7635200059D608 /* Info.plist */,
			);
			path = calculatorTests;
			sourceTree = "<group>";
		};
		0E5973E61E7635200059D608 /* calculatorUITests */ = {
			isa = PBXGroup;
			children = (
				0E5973E71E7635200059D608 /* calculatorUITests.swift */,
				0E5973E91E7635200059D608 /* Info.plist */,
			);
			path = calculatorUITests;
			sourceTree = "<group>";
		};
/* End PBXGroup section */

/* Begin PBXNativeTarget section */
		0E5973C31E7635200059D608 /* calculator */ = {
			isa = PBXNativeTarget;
			buildConfigurationList = 0E5973EC1E7635200059D608 /* Build configuration list for PBXNativeTarget "calculator" */;
			buildPhases = (
				0E5973C01E7635200059D608 /* Sources */,
				0E5973C11E7635200059D608 /* Frameworks */,
				0E5973C21E7635200059D608 /* Resources */,
			);
			buildRules = (
			);
			dependencies = (
			);
			name = calculator;
			productName = calculator;
			productReference = 0E5973C41E7635200059D608 /* calculator.app */;
			productType = "com.apple.product-type.application";
		};
		0E5973D71E7635200059D608 /* calculatorTests */ = {
			isa = PBXNativeTarget;
			buildConfigurationList = 0E5973EF1E7635200059D608 /* Build configuration list for PBXNativeTarget "calculatorTests" */;
			buildPhases = (
				0E5973D41E7635200059D608 /* Sources */,
				0E5973D51E7635200059D608 /* Frameworks */,
				0E5973D61E7635200059D608 /* Resources */,
			);
			buildRules = (
			);
			dependencies = (
				0E5973DA1E7635200059D608 /* PBXTargetDependency */,
			);
			name = calculatorTests;
			productName = calculatorTests;
			productReference = 0E5973D81E7635200059D608 /* calculatorTests.xctest */;
			productType = "com.apple.product-type.bundle.unit-test";
		};
		0E5973E21E7635200059D608 /* calculatorUITests */ = {
			isa = PBXNativeTarget;
			buildConfigurationList = 0E5973F21E7635200059D608 /* Build configuration list for PBXNativeTarget "calculatorUITests" */;
			buildPhases = (
				0E5973DF1E7635200059D608 /* Sources */,
				0E5973E01E7635200059D608 /* Frameworks */,
				0E5973E11E7635200059D608 /* Resources */,
			);
			buildRules = (
			);
			dependencies = (
				0E5973E51E7635200059D608 /* PBXTargetDependency */,
			);
			name = calculatorUITests;
			productName = calculatorUITests;
			productReference = 0E5973E31E7635200059D608 /* calculatorUITests.xctest */;
			productType = "com.apple.product-type.bundle.ui-testing";
		};
/* End PBXNativeTarget section */

/* Begin PBXProject section */
		0E5973BC1E7635200059D608 /* Project object */ = {
			isa = PBXProject;
			attributes = {
				LastSwiftUpdateCheck = 0820;
				LastUpgradeCheck = 0820;
				ORGANIZATIONNAME = s20151104707;
				TargetAttributes = {
					0E5973C31E7635200059D608 = {
						CreatedOnToolsVersion = 8.2.1;
						ProvisioningStyle = Automatic;
					};
					0E5973D71E7635200059D608 = {
						CreatedOnToolsVersion = 8.2.1;
						ProvisioningStyle = Automatic;
						TestTargetID = 0E5973C31E7635200059D608;
					};
					0E5973E21E7635200059D608 = {
						CreatedOnToolsVersion = 8.2.1;
						ProvisioningStyle = Automatic;
						TestTargetID = 0E5973C31E7635200059D608;
					};
				};
			};
			buildConfigurationList = 0E5973BF1E7635200059D608 /* Build configuration list for PBXProject "calculator" */;
			compatibilityVersion = "Xcode 3.2";
			developmentRegion = English;
			hasScannedForEncodings = 0;
			knownRegions = (
				en,
				Base,
			);
			mainGroup = 0E5973BB1E7635200059D608;
			productRefGroup = 0E5973C51E7635200059D608 /* Products */;
			projectDirPath = "";
			projectRoot = "";
			targets = (
				0E5973C31E7635200059D608 /* calculator */,
				0E5973D71E7635200059D608 /* calculatorTests */,
				0E5973E21E7635200059D608 /* calculatorUITests */,
			);
		};
/* End PBXProject section */

/* Begin PBXResourcesBuildPhase section */
		0E5973C21E7635200059D608 /* Resources */ = {
			isa = PBXResourcesBuildPhase;
			buildActionMask = 2147483647;
			files = (
				0E5973D21E7635200059D608 /* LaunchScreen.storyboard in Resources */,
				0E5973CF1E7635200059D608 /* Assets.xcassets in Resources */,
				0E5973CD1E7635200059D608 /* Main.storyboard in Resources */,
			);
			runOnlyForDeploymentPostprocessing = 0;
		};
		0E5973D61E7635200059D608 /* Resources */ = {
			isa = PBXResourcesBuildPhase;
			buildActionMask = 2147483647;
			files = (
			);
			runOnlyForDeploymentPostprocessing = 0;
		};
		0E5973E11E7635200059D608 /* Resources */ = {
			isa = PBXResourcesBuildPhase;
			buildActionMask = 2147483647;
			files = (
			);
			runOnlyForDeploymentPostprocessing = 0;
		};
/* End PBXResourcesBuildPhase section */

/* Begin PBXSourcesBuildPhase section */
		0E5973C01E7635200059D608 /* Sources */ = {
			isa = PBXSourcesBuildPhase;
			buildActionMask = 2147483647;
			files = (
				0E5973CA1E7635200059D608 /* ViewController.swift in Sources */,
				0E5973C81E7635200059D608 /* AppDelegate.swift in Sources */,
			);
			runOnlyForDeploymentPostprocessing = 0;
		};
		0E5973D41E7635200059D608 /* Sources */ = {
			isa = PBXSourcesBuildPhase;
			buildActionMask = 2147483647;
			files = (
				0E5973DD1E7635200059D608 /* calculatorTests.swift in Sources */,
			);
			runOnlyForDeploymentPostprocessing = 0;
		};
		0E5973DF1E7635200059D608 /* Sources */ = {
			isa = PBXSourcesBuildPhase;
			buildActionMask = 2147483647;
			files = (
				0E5973E81E7635200059D608 /* calculatorUITests.swift in Sources */,
			);
			runOnlyForDeploymentPostprocessing = 0;
		};
/* End PBXSourcesBuildPhase section */

/* Begin PBXTargetDependency section */
		0E5973DA1E7635200059D608 /* PBXTargetDependency */ = {
			isa = PBXTargetDependency;
			target = 0E5973C31E7635200059D608 /* calculator */;
			targetProxy = 0E5973D91E7635200059D608 /* PBXContainerItemProxy */;
		};
		0E5973E51E7635200059D608 /* PBXTargetDependency */ = {
			isa = PBXTargetDependency;
			target = 0E5973C31E7635200059D608 /* calculator */;
			targetProxy = 0E5973E41E7635200059D608 /* PBXContainerItemProxy */;
		};
/* End PBXTargetDependency section */

/* Begin PBXVariantGroup section */
		0E5973CB1E7635200059D608 /* Main.storyboard */ = {
			isa = PBXVariantGroup;
			children = (
				0E5973CC1E7635200059D608 /* Base */,
			);
			name = Main.storyboard;
			sourceTree = "<group>";
		};
		0E5973D01E7635200059D608 /* LaunchScreen.storyboard */ = {
			isa = PBXVariantGroup;
			children = (
				0E5973D11E7635200059D608 /* Base */,
			);
			name = LaunchScreen.storyboard;
			sourceTree = "<group>";
		};
/* End PBXVariantGroup section */

/* Begin XCBuildConfiguration section */
		0E5973EA1E7635200059D608 /* Debug */ = {
			isa = XCBuildConfiguration;
			buildSettings = {
				ALWAYS_SEARCH_USER_PATHS = NO;
				CLANG_ANALYZER_NONNULL = YES;
				CLANG_CXX_LANGUAGE_STANDARD = "gnu++0x";
				CLANG_CXX_LIBRARY = "libc++";
				CLANG_ENABLE_MODULES = YES;
				CLANG_ENABLE_OBJC_ARC = YES;
				CLANG_WARN_BOOL_CONVERSION = YES;
				CLANG_WARN_CONSTANT_CONVERSION = YES;
				CLANG_WARN_DIRECT_OBJC_ISA_USAGE = YES_ERROR;
				CLANG_WARN_DOCUMENTATION_COMMENTS = YES;
				CLANG_WARN_EMPTY_BODY = YES;
				CLANG_WARN_ENUM_CONVERSION = YES;
				CLANG_WARN_INFINITE_RECURSION = YES;
				CLANG_WARN_INT_CONVERSION = YES;
				CLANG_WARN_OBJC_ROOT_CLASS = YES_ERROR;
				CLANG_WARN_SUSPICIOUS_MOVE = YES;
				CLANG_WARN_UNREACHABLE_CODE = YES;
				CLANG_WARN__DUPLICATE_METHOD_MATCH = YES;
				"CODE_SIGN_IDENTITY[sdk=iphoneos*]" = "iPhone Developer";
				COPY_PHASE_STRIP = NO;
				DEBUG_INFORMATION_FORMAT = dwarf;
				ENABLE_STRICT_OBJC_MSGSEND = YES;
				ENABLE_TESTABILITY = YES;
				GCC_C_LANGUAGE_STANDARD = gnu99;
				GCC_DYNAMIC_NO_PIC = NO;
				GCC_NO_COMMON_BLOCKS = YES;
				GCC_OPTIMIZATION_LEVEL = 0;
				GCC_PREPROCESSOR_DEFINITIONS = (
					"DEBUG=1",
					"$(inherited)",
				);
				GCC_WARN_64_TO_32_BIT_CONVERSION = YES;
				GCC_WARN_ABOUT_RETURN_TYPE = YES_ERROR;
				GCC_WARN_UNDECLARED_SELECTOR = YES;
				GCC_WARN_UNINITIALIZED_AUTOS = YES_AGGRESSIVE;
				GCC_WARN_UNUSED_FUNCTION = YES;
				GCC_WARN_UNUSED_VARIABLE = YES;
				IPHONEOS_DEPLOYMENT_TARGET = 10.2;
				MTL_ENABLE_DEBUG_INFO = YES;
				ONLY_ACTIVE_ARCH = YES;
				SDKROOT = iphoneos;
				SWIFT_ACTIVE_COMPILATION_CONDITIONS = DEBUG;
				SWIFT_OPTIMIZATION_LEVEL = "-Onone";
				TARGETED_DEVICE_FAMILY = "1,2";
			};
			name = Debug;
		};
		0E5973EB1E7635200059D608 /* Release */ = {
			isa = XCBuildConfiguration;
			buildSettings = {
				ALWAYS_SEARCH_USER_PATHS = NO;
				CLANG_ANALYZER_NONNULL = YES;
				CLANG_CXX_LANGUAGE_STANDARD = "gnu++0x";
				CLANG_CXX_LIBRARY = "libc++";
				CLANG_ENABLE_MODULES = YES;
				CLANG_ENABLE_OBJC_ARC = YES;
				CLANG_WARN_BOOL_CONVERSION = YES;
				CLANG_WARN_CONSTANT_CONVERSION = YES;
				CLANG_WARN_DIRECT_OBJC_ISA_USAGE = YES_ERROR;
				CLANG_WARN_DOCUMENTATION_COMMENTS = YES;
				CLANG_WARN_EMPTY_BODY = YES;
				CLANG_WARN_ENUM_CONVERSION = YES;
				CLANG_WARN_INFINITE_RECURSION = YES;
				CLANG_WARN_INT_CONVERSION = YES;
				CLANG_WARN_OBJC_ROOT_CLASS = YES_ERROR;
				CLANG_WARN_SUSPICIOUS_MOVE = YES;
				CLANG_WARN_UNREACHABLE_CODE = YES;
				CLANG_WARN__DUPLICATE_METHOD_MATCH = YES;
				"CODE_SIGN_IDENTITY[sdk=iphoneos*]" = "iPhone Developer";
				COPY_PHASE_STRIP = NO;
				DEBUG_INFORMATION_FORMAT = "dwarf-with-dsym";
				ENABLE_NS_ASSERTIONS = NO;
				ENABLE_STRICT_OBJC_MSGSEND = YES;
				GCC_C_LANGUAGE_STANDARD = gnu99;
				GCC_NO_COMMON_BLOCKS = YES;
				GCC_WARN_64_TO_32_BIT_CONVERSION = YES;
				GCC_WARN_ABOUT_RETURN_TYPE = YES_ERROR;
				GCC_WARN_UNDECLARED_SELECTOR = YES;
				GCC_WARN_UNINITIALIZED_AUTOS = YES_AGGRESSIVE;
				GCC_WARN_UNUSED_FUNCTION = YES;
				GCC_WARN_UNUSED_VARIABLE = YES;
				IPHONEOS_DEPLOYMENT_TARGET = 10.2;
				MTL_ENABLE_DEBUG_INFO = NO;
				SDKROOT = iphoneos;
				SWIFT_OPTIMIZATION_LEVEL = "-Owholemodule";
				TARGETED_DEVICE_FAMILY = "1,2";
				VALIDATE_PRODUCT = YES;
			};
			name = Release;
		};
		0E5973ED1E7635200059D608 /* Debug */ = {
			isa = XCBuildConfiguration;
			buildSettings = {
				ASSETCATALOG_COMPILER_APPICON_NAME = AppIcon;
				INFOPLIST_FILE = calculator/Info.plist;
				LD_RUNPATH_SEARCH_PATHS = "$(inherited) @executable_path/Frameworks";
				PRODUCT_BUNDLE_IDENTIFIER = imnu.edu.cn.calculator;
				PRODUCT_NAME = "$(TARGET_NAME)";
				SWIFT_VERSION = 3.0;
			};
			name = Debug;
		};
		0E5973EE1E7635200059D608 /* Release */ = {
			isa = XCBuildConfiguration;
			buildSettings = {
				ASSETCATALOG_COMPILER_APPICON_NAME = AppIcon;
				INFOPLIST_FILE = calculator/Info.plist;
				LD_RUNPATH_SEARCH_PATHS = "$(inherited) @executable_path/Frameworks";
				PRODUCT_BUNDLE_IDENTIFIER = imnu.edu.cn.calculator;
				PRODUCT_NAME = "$(TARGET_NAME)";
				SWIFT_VERSION = 3.0;
			};
			name = Release;
		};
		0E5973F01E7635200059D608 /* Debug */ = {
			isa = XCBuildConfiguration;
			buildSettings = {
				ALWAYS_EMBED_SWIFT_STANDARD_LIBRARIES = YES;
				BUNDLE_LOADER = "$(TEST_HOST)";
				INFOPLIST_FILE = calculatorTests/Info.plist;
				LD_RUNPATH_SEARCH_PATHS = "$(inherited) @executable_path/Frameworks @loader_path/Frameworks";
				PRODUCT_BUNDLE_IDENTIFIER = imnu.edu.cn.calculatorTests;
				PRODUCT_NAME = "$(TARGET_NAME)";
				SWIFT_VERSION = 3.0;
				TEST_HOST = "$(BUILT_PRODUCTS_DIR)/calculator.app/calculator";
			};
			name = Debug;
		};
		0E5973F11E7635200059D608 /* Release */ = {
			isa = XCBuildConfiguration;
			buildSettings = {
				ALWAYS_EMBED_SWIFT_STANDARD_LIBRARIES = YES;
				BUNDLE_LOADER = "$(TEST_HOST)";
				INFOPLIST_FILE = calculatorTests/Info.plist;
				LD_RUNPATH_SEARCH_PATHS = "$(inherited) @executable_path/Frameworks @loader_path/Frameworks";
				PRODUCT_BUNDLE_IDENTIFIER = imnu.edu.cn.calculatorTests;
				PRODUCT_NAME = "$(TARGET_NAME)";
				SWIFT_VERSION = 3.0;
				TEST_HOST = "$(BUILT_PRODUCTS_DIR)/calculator.app/calculator";
			};
			name = Release;
		};
		0E5973F31E7635200059D608 /* Debug */ = {
			isa = XCBuildConfiguration;
			buildSettings = {
				ALWAYS_EMBED_SWIFT_STANDARD_LIBRARIES = YES;
				INFOPLIST_FILE = calculatorUITests/Info.plist;
				LD_RUNPATH_SEARCH_PATHS = "$(inherited) @executable_path/Frameworks @loader_path/Frameworks";
				PRODUCT_BUNDLE_IDENTIFIER = imnu.edu.cn.calculatorUITests;
				PRODUCT_NAME = "$(TARGET_NAME)";
				SWIFT_VERSION = 3.0;
				TEST_TARGET_NAME = calculator;
			};
			name = Debug;
		};
		0E5973F41E7635200059D608 /* Release */ = {
			isa = XCBuildConfiguration;
			buildSettings = {
				ALWAYS_EMBED_SWIFT_STANDARD_LIBRARIES = YES;
				INFOPLIST_FILE = calculatorUITests/Info.plist;
				LD_RUNPATH_SEARCH_PATHS = "$(inherited) @executable_path/Frameworks @loader_path/Frameworks";
				PRODUCT_BUNDLE_IDENTIFIER = imnu.edu.cn.calculatorUITests;
				PRODUCT_NAME = "$(TARGET_NAME)";
				SWIFT_VERSION = 3.0;
				TEST_TARGET_NAME = calculator;
			};
			name = Release;
		};
/* End XCBuildConfiguration section */

/* Begin XCConfigurationList section */
		0E5973BF1E7635200059D608 /* Build configuration list for PBXProject "calculator" */ = {
			isa = XCConfigurationList;
			buildConfigurations = (
				0E5973EA1E7635200059D608 /* Debug */,
				0E5973EB1E7635200059D608 /* Release */,
			);
			defaultConfigurationIsVisible = 0;
			defaultConfigurationName = Release;
		};
		0E5973EC1E7635200059D608 /* Build configuration list for PBXNativeTarget "calculator" */ = {
			isa = XCConfigurationList;
			buildConfigurations = (
				0E5973ED1E7635200059D608 /* Debug */,
				0E5973EE1E7635200059D608 /* Release */,
			);
			defaultConfigurationIsVisible = 0;
		};
		0E5973EF1E7635200059D608 /* Build configuration list for PBXNativeTarget "calculatorTests" */ = {
			isa = XCConfigurationList;
			buildConfigurations = (
				0E5973F01E7635200059D608 /* Debug */,
				0E5973F11E7635200059D608 /* Release */,
			);
			defaultConfigurationIsVisible = 0;
		};
		0E5973F21E7635200059D608 /* Build configuration list for PBXNativeTarget "calculatorUITests" */ = {
			isa = XCConfigurationList;
			buildConfigurations = (
				0E5973F31E7635200059D608 /* Debug */,
				0E5973F41E7635200059D608 /* Release */,
			);
			defaultConfigurationIsVisible = 0;
		};
/* End XCConfigurationList section */
	};
	rootObject = 0E5973BC1E7635200059D608 /* Project object */;
}
